
Microsoft Visual Studio Solution File, Format Version 12.00
# Visual Studio 15
VisualStudioVersion = 15.0.28307.902
MinimumVisualStudioVersion = 10.0.40219.1
Project("{FAE04EC0-301F-11D3-BF4B-00C04F79EFBC}") = "minesweeper_", "minesweeper_\minesweeper_.csproj", "{83C47BC4-5807-4E2C-B282-24F253D99713}"
EndProject
Global
	GlobalSection(SolutionConfigurationPlatforms) = preSolution
		Debug|Any CPU = Debug|Any CPU
		Release|Any CPU = Release|Any CPU
	EndGlobalSection
	GlobalSection(ProjectConfigurationPlatforms) = postSolution
		{83C47BC4-5807-4E2C-B282-24F253D99713}.Debug|Any CPU.ActiveCfg = Debug|Any CPU
		{83C47BC4-5807-4E2C-B282-24F253D99713}.Debug|Any CPU.Build.0 = Debug|Any CPU
		{83C47BC4-5807-4E2C-B282-24F253D99713}.Release|Any CPU.ActiveCfg = Release|Any CPU
		{83C47BC4-5807-4E2C-B282-24F253D99713}.Release|Any CPU.Build.0 = Release|Any CPU
	EndGlobalSection
	GlobalSection(SolutionProperties) = preSolution
		HideSolutionNode = FALSE
	EndGlobalSection
	GlobalSection(ExtensibilityGlobals) = postSolution
		SolutionGuid = {9E2BF009-B7D5-45C8-8C6C-2351DB84DACB}
	EndGlobalSection
EndGlobal
